
Microsoft Visual Studio Solution File, Format Version 12.00
# Visual Studio Version 17
VisualStudioVersion = 17.11.35431.28
MinimumVisualStudioVersion = 10.0.40219.1
Project("{FAE04EC0-301F-11D3-BF4B-00C04F79EFBC}") = "edgarApiFunction", "edgarApiFunction\edgarApiFunction.csproj", "{74BFF9B1-1E39-4FB9-8E94-BF97CA59C990}"
EndProject
Global
	GlobalSection(SolutionConfigurationPlatforms) = preSolution
		Debug|Any CPU = Debug|Any CPU
		Release|Any CPU = Release|Any CPU
	EndGlobalSection
	GlobalSection(ProjectConfigurationPlatforms) = postSolution
		{74BFF9B1-1E39-4FB9-8E94-BF97CA59C990}.Debug|Any CPU.ActiveCfg = Debug|Any CPU
		{74BFF9B1-1E39-4FB9-8E94-BF97CA59C990}.Debug|Any CPU.Build.0 = Debug|Any CPU
		{74BFF9B1-1E39-4FB9-8E94-BF97CA59C990}.Release|Any CPU.ActiveCfg = Release|Any CPU
		{74BFF9B1-1E39-4FB9-8E94-BF97CA59C990}.Release|Any CPU.Build.0 = Release|Any CPU
	EndGlobalSection
	GlobalSection(SolutionProperties) = preSolution
		HideSolutionNode = FALSE
	EndGlobalSection
	GlobalSection(ExtensibilityGlobals) = postSolution
		SolutionGuid = {6025C793-B848-4FA6-A8D0-FDED614C2CED}
	EndGlobalSection
EndGlobal
